{
    "_readme": [
        "This file locks the dependencies of your project to a known state",
        "Read more about it at https://getcomposer.org/doc/01-basic-usage.md#installing-dependencies",
        "This file is @generated automatically"
    ],
    "content-hash": "79cea70a35ddc2f5ee27cec81c1982b9",
    "packages": [
        {
            "name": "dartmoon/prestashop-utils",
            "version": "v0.1.0",
            "source": {
                "type": "git",
                "url": "https://github.com/dartmoon-io/prestashop-utils.git",
                "reference": "b12bfb03fb3d4aefcc690303e9bd3c8d3e27302f"
            },
            "dist": {
                "type": "zip",
                "url": "https://api.github.com/repos/dartmoon-io/prestashop-utils/zipball/b12bfb03fb3d4aefcc690303e9bd3c8d3e27302f",
                "reference": "b12bfb03fb3d4aefcc690303e9bd3c8d3e27302f",
                "shasum": ""
            },
            "type": "library",
            "autoload": {
                "psr-4": {
                    "Dartmoon\\Utils\\": "src/"
                }
            },
            "notification-url": "https://packagist.org/downloads/",
            "license": [
                "MIT"
            ],
            "authors": [
                {
                    "name": "Dartmoon",
                    "email": "hello@dartmoon.io",
                    "homepage": "https://dartmoon.io"
                },
                {
                    "name": "Alessandro Pasqualini",
                    "email": "alessandro@dartmoon.io"
                }
            ],
            "description": "PrestaShop Utils is a collection of utils for basic operations for PrestaShop",
            "support": {
                "issues": "https://github.com/dartmoon-io/prestashop-utils/issues",
                "source": "https://github.com/dartmoon-io/prestashop-utils/tree/v0.1.0"
            },
            "time": "2021-03-20T08:47:52+00:00"
        }
    ],
    "packages-dev": [],
    "aliases": [],
    "minimum-stability": "stable",
    "stability-flags": [],
    "prefer-stable": false,
    "prefer-lowest": false,
    "platform": [],
    "platform-dev": [],
    "plugin-api-version": "2.0.0"
}
